// !$*UTF8*$!
{
	archiveVersion = 1;
	classes = {
	};
	objectVersion = 50;
	objects = {

/* Begin PBXBuildFile section */
		AFEC317D24C1F26E00FEBA9B /* AppDelegate.swift in Sources */ = {isa = PBXBuildFile; fileRef = AFEC317C24C1F26E00FEBA9B /* AppDelegate.swift */; };
		AFEC317F24C1F26E00FEBA9B /* ViewController.swift in Sources */ = {isa = PBXBuildFile; fileRef = AFEC317E24C1F26E00FEBA9B /* ViewController.swift */; };
		AFEC318224C1F26E00FEBA9B /* Main.storyboard in Resources */ = {isa = PBXBuildFile; fileRef = AFEC318024C1F26E00FEBA9B /* Main.storyboard */; };
		AFEC318424C1F26F00FEBA9B /* Assets.xcassets in Resources */ = {isa = PBXBuildFile; fileRef = AFEC318324C1F26F00FEBA9B /* Assets.xcassets */; };
		AFEC318724C1F26F00FEBA9B /* LaunchScreen.storyboard in Resources */ = {isa = PBXBuildFile; fileRef = AFEC318524C1F26F00FEBA9B /* LaunchScreen.storyboard */; };
		AFEC318F24C1FC8500FEBA9B /* Ciudad.swift in Sources */ = {isa = PBXBuildFile; fileRef = AFEC318E24C1FC8500FEBA9B /* Ciudad.swift */; };
		AFEC319124C1FE1300FEBA9B /* Ciudades.swift in Sources */ = {isa = PBXBuildFile; fileRef = AFEC319024C1FE1300FEBA9B /* Ciudades.swift */; };
		AFEC319324C1FF6400FEBA9B /* cosas.swift in Sources */ = {isa = PBXBuildFile; fileRef = AFEC319224C1FF6400FEBA9B /* cosas.swift */; };
/* End PBXBuildFile section */

/* Begin PBXFileReference section */
		AFEC317924C1F26E00FEBA9B /* PickerView Capitales.app */ = {isa = PBXFileReference; explicitFileType = wrapper.application; includeInIndex = 0; path = "PickerView Capitales.app"; sourceTree = BUILT_PRODUCTS_DIR; };
		AFEC317C24C1F26E00FEBA9B /* AppDelegate.swift */ = {isa = PBXFileReference; lastKnownFileType = sourcecode.swift; path = AppDelegate.swift; sourceTree = "<group>"; };
		AFEC317E24C1F26E00FEBA9B /* ViewController.swift */ = {isa = PBXFileReference; lastKnownFileType = sourcecode.swift; path = ViewController.swift; sourceTree = "<group>"; };
		AFEC318124C1F26E00FEBA9B /* Base */ = {isa = PBXFileReference; lastKnownFileType = file.storyboard; name = Base; path = Base.lproj/Main.storyboard; sourceTree = "<group>"; };
		AFEC318324C1F26F00FEBA9B /* Assets.xcassets */ = {isa = PBXFileReference; lastKnownFileType = folder.assetcatalog; path = Assets.xcassets; sourceTree = "<group>"; };
		AFEC318624C1F26F00FEBA9B /* Base */ = {isa = PBXFileReference; lastKnownFileType = file.storyboard; name = Base; path = Base.lproj/LaunchScreen.storyboard; sourceTree = "<group>"; };
		AFEC318824C1F26F00FEBA9B /* Info.plist */ = {isa = PBXFileReference; lastKnownFileType = text.plist.xml; path = Info.plist; sourceTree = "<group>"; };
		AFEC318E24C1FC8500FEBA9B /* Ciudad.swift */ = {isa = PBXFileReference; lastKnownFileType = sourcecode.swift; path = Ciudad.swift; sourceTree = "<group>"; };
		AFEC319024C1FE1300FEBA9B /* Ciudades.swift */ = {isa = PBXFileReference; lastKnownFileType = sourcecode.swift; path = Ciudades.swift; sourceTree = "<group>"; };
		AFEC319224C1FF6400FEBA9B /* cosas.swift */ = {isa = PBXFileReference; lastKnownFileType = sourcecode.swift; path = cosas.swift; sourceTree = "<group>"; };
/* End PBXFileReference section */

/* Begin PBXFrameworksBuildPhase section */
		AFEC317624C1F26E00FEBA9B /* Frameworks */ = {
			isa = PBXFrameworksBuildPhase;
			buildActionMask = 2147483647;
			files = (
			);
			runOnlyForDeploymentPostprocessing = 0;
		};
/* End PBXFrameworksBuildPhase section */

/* Begin PBXGroup section */
		AFEC317024C1F26E00FEBA9B = {
			isa = PBXGroup;
			children = (
				AFEC317B24C1F26E00FEBA9B /* PickerView Capitales */,
				AFEC317A24C1F26E00FEBA9B /* Products */,
			);
			sourceTree = "<group>";
		};
		AFEC317A24C1F26E00FEBA9B /* Products */ = {
			isa = PBXGroup;
			children = (
				AFEC317924C1F26E00FEBA9B /* PickerView Capitales.app */,
			);
			name = Products;
			sourceTree = "<group>";
		};
		AFEC317B24C1F26E00FEBA9B /* PickerView Capitales */ = {
			isa = PBXGroup;
			children = (
				AFEC317C24C1F26E00FEBA9B /* AppDelegate.swift */,
				AFEC317E24C1F26E00FEBA9B /* ViewController.swift */,
				AFEC318024C1F26E00FEBA9B /* Main.storyboard */,
				AFEC318324C1F26F00FEBA9B /* Assets.xcassets */,
				AFEC318524C1F26F00FEBA9B /* LaunchScreen.storyboard */,
				AFEC318824C1F26F00FEBA9B /* Info.plist */,
				AFEC318E24C1FC8500FEBA9B /* Ciudad.swift */,
				AFEC319024C1FE1300FEBA9B /* Ciudades.swift */,
				AFEC319224C1FF6400FEBA9B /* cosas.swift */,
			);
			path = "PickerView Capitales";
			sourceTree = "<group>";
		};
/* End PBXGroup section */

/* Begin PBXNativeTarget section */
		AFEC317824C1F26E00FEBA9B /* PickerView Capitales */ = {
			isa = PBXNativeTarget;
			buildConfigurationList = AFEC318B24C1F26F00FEBA9B /* Build configuration list for PBXNativeTarget "PickerView Capitales" */;
			buildPhases = (
				AFEC317524C1F26E00FEBA9B /* Sources */,
				AFEC317624C1F26E00FEBA9B /* Frameworks */,
				AFEC317724C1F26E00FEBA9B /* Resources */,
			);
			buildRules = (
			);
			dependencies = (
			);
			name = "PickerView Capitales";
			productName = "PickerView Capitales";
			productReference = AFEC317924C1F26E00FEBA9B /* PickerView Capitales.app */;
			productType = "com.apple.product-type.application";
		};
/* End PBXNativeTarget section */

/* Begin PBXProject section */
		AFEC317124C1F26E00FEBA9B /* Project object */ = {
			isa = PBXProject;
			attributes = {
				LastSwiftUpdateCheck = 1010;
				LastUpgradeCheck = 1010;
				ORGANIZATIONNAME = lauselfe;
				TargetAttributes = {
					AFEC317824C1F26E00FEBA9B = {
						CreatedOnToolsVersion = 10.1;
					};
				};
			};
			buildConfigurationList = AFEC317424C1F26E00FEBA9B /* Build configuration list for PBXProject "PickerView Capitales" */;
			compatibilityVersion = "Xcode 9.3";
			developmentRegion = en;
			hasScannedForEncodings = 0;
			knownRegions = (
				en,
				Base,
			);
			mainGroup = AFEC317024C1F26E00FEBA9B;
			productRefGroup = AFEC317A24C1F26E00FEBA9B /* Products */;
			projectDirPath = "";
			projectRoot = "";
			targets = (
				AFEC317824C1F26E00FEBA9B /* PickerView Capitales */,
			);
		};
/* End PBXProject section */

/* Begin PBXResourcesBuildPhase section */
		AFEC317724C1F26E00FEBA9B /* Resources */ = {
			isa = PBXResourcesBuildPhase;
			buildActionMask = 2147483647;
			files = (
				AFEC318724C1F26F00FEBA9B /* LaunchScreen.storyboard in Resources */,
				AFEC318424C1F26F00FEBA9B /* Assets.xcassets in Resources */,
				AFEC318224C1F26E00FEBA9B /* Main.storyboard in Resources */,
			);
			runOnlyForDeploymentPostprocessing = 0;
		};
/* End PBXResourcesBuildPhase section */

/* Begin PBXSourcesBuildPhase section */
		AFEC317524C1F26E00FEBA9B /* Sources */ = {
			isa = PBXSourcesBuildPhase;
			buildActionMask = 2147483647;
			files = (
				AFEC317F24C1F26E00FEBA9B /* ViewController.swift in Sources */,
				AFEC318F24C1FC8500FEBA9B /* Ciudad.swift in Sources */,
				AFEC319324C1FF6400FEBA9B /* cosas.swift in Sources */,
				AFEC317D24C1F26E00FEBA9B /* AppDelegate.swift in Sources */,
				AFEC319124C1FE1300FEBA9B /* Ciudades.swift in Sources */,
			);
			runOnlyForDeploymentPostprocessing = 0;
		};
/* End PBXSourcesBuildPhase section */

/* Begin PBXVariantGroup section */
		AFEC318024C1F26E00FEBA9B /* Main.storyboard */ = {
			isa = PBXVariantGroup;
			children = (
				AFEC318124C1F26E00FEBA9B /* Base */,
			);
			name = Main.storyboard;
			sourceTree = "<group>";
		};
		AFEC318524C1F26F00FEBA9B /* LaunchScreen.storyboard */ = {
			isa = PBXVariantGroup;
			children = (
				AFEC318624C1F26F00FEBA9B /* Base */,
			);
			name = LaunchScreen.storyboard;
			sourceTree = "<group>";
		};
/* End PBXVariantGroup section */

/* Begin XCBuildConfiguration section */
		AFEC318924C1F26F00FEBA9B /* Debug */ = {
			isa = XCBuildConfiguration;
			buildSettings = {
				ALWAYS_SEARCH_USER_PATHS = NO;
				CLANG_ANALYZER_NONNULL = YES;
				CLANG_ANALYZER_NUMBER_OBJECT_CONVERSION = YES_AGGRESSIVE;
				CLANG_CXX_LANGUAGE_STANDARD = "gnu++14";
				CLANG_CXX_LIBRARY = "libc++";
				CLANG_ENABLE_MODULES = YES;
				CLANG_ENABLE_OBJC_ARC = YES;
				CLANG_ENABLE_OBJC_WEAK = YES;
				CLANG_WARN_BLOCK_CAPTURE_AUTORELEASING = YES;
				CLANG_WARN_BOOL_CONVERSION = YES;
				CLANG_WARN_COMMA = YES;
				CLANG_WARN_CONSTANT_CONVERSION = YES;
				CLANG_WARN_DEPRECATED_OBJC_IMPLEMENTATIONS = YES;
				CLANG_WARN_DIRECT_OBJC_ISA_USAGE = YES_ERROR;
				CLANG_WARN_DOCUMENTATION_COMMENTS = YES;
				CLANG_WARN_EMPTY_BODY = YES;
				CLANG_WARN_ENUM_CONVERSION = YES;
				CLANG_WARN_INFINITE_RECURSION = YES;
				CLANG_WARN_INT_CONVERSION = YES;
				CLANG_WARN_NON_LITERAL_NULL_CONVERSION = YES;
				CLANG_WARN_OBJC_IMPLICIT_RETAIN_SELF = YES;
				CLANG_WARN_OBJC_LITERAL_CONVERSION = YES;
				CLANG_WARN_OBJC_ROOT_CLASS = YES_ERROR;
				CLANG_WARN_RANGE_LOOP_ANALYSIS = YES;
				CLANG_WARN_STRICT_PROTOTYPES = YES;
				CLANG_WARN_SUSPICIOUS_MOVE = YES;
				CLANG_WARN_UNGUARDED_AVAILABILITY = YES_AGGRESSIVE;
				CLANG_WARN_UNREACHABLE_CODE = YES;
				CLANG_WARN__DUPLICATE_METHOD_MATCH = YES;
				CODE_SIGN_IDENTITY = "iPhone Developer";
				COPY_PHASE_STRIP = NO;
				DEBUG_INFORMATION_FORMAT = dwarf;
				ENABLE_STRICT_OBJC_MSGSEND = YES;
				ENABLE_TESTABILITY = YES;
				GCC_C_LANGUAGE_STANDARD = gnu11;
				GCC_DYNAMIC_NO_PIC = NO;
				GCC_NO_COMMON_BLOCKS = YES;
				GCC_OPTIMIZATION_LEVEL = 0;
				GCC_PREPROCESSOR_DEFINITIONS = (
					"DEBUG=1",
					"$(inherited)",
				);
				GCC_WARN_64_TO_32_BIT_CONVERSION = YES;
				GCC_WARN_ABOUT_RETURN_TYPE = YES_ERROR;
				GCC_WARN_UNDECLARED_SELECTOR = YES;
				GCC_WARN_UNINITIALIZED_AUTOS = YES_AGGRESSIVE;
				GCC_WARN_UNUSED_FUNCTION = YES;
				GCC_WARN_UNUSED_VARIABLE = YES;
				IPHONEOS_DEPLOYMENT_TARGET = 12.1;
				MTL_ENABLE_DEBUG_INFO = INCLUDE_SOURCE;
				MTL_FAST_MATH = YES;
				ONLY_ACTIVE_ARCH = YES;
				SDKROOT = iphoneos;
				SWIFT_ACTIVE_COMPILATION_CONDITIONS = DEBUG;
				SWIFT_OPTIMIZATION_LEVEL = "-Onone";
			};
			name = Debug;
		};
		AFEC318A24C1F26F00FEBA9B /* Release */ = {
			isa = XCBuildConfiguration;
			buildSettings = {
				ALWAYS_SEARCH_USER_PATHS = NO;
				CLANG_ANALYZER_NONNULL = YES;
				CLANG_ANALYZER_NUMBER_OBJECT_CONVERSION = YES_AGGRESSIVE;
				CLANG_CXX_LANGUAGE_STANDARD = "gnu++14";
				CLANG_CXX_LIBRARY = "libc++";
				CLANG_ENABLE_MODULES = YES;
				CLANG_ENABLE_OBJC_ARC = YES;
				CLANG_ENABLE_OBJC_WEAK = YES;
				CLANG_WARN_BLOCK_CAPTURE_AUTORELEASING = YES;
				CLANG_WARN_BOOL_CONVERSION = YES;
				CLANG_WARN_COMMA = YES;
				CLANG_WARN_CONSTANT_CONVERSION = YES;
				CLANG_WARN_DEPRECATED_OBJC_IMPLEMENTATIONS = YES;
				CLANG_WARN_DIRECT_OBJC_ISA_USAGE = YES_ERROR;
				CLANG_WARN_DOCUMENTATION_COMMENTS = YES;
				CLANG_WARN_EMPTY_BODY = YES;
				CLANG_WARN_ENUM_CONVERSION = YES;
				CLANG_WARN_INFINITE_RECURSION = YES;
				CLANG_WARN_INT_CONVERSION = YES;
				CLANG_WARN_NON_LITERAL_NULL_CONVERSION = YES;
				CLANG_WARN_OBJC_IMPLICIT_RETAIN_SELF = YES;
				CLANG_WARN_OBJC_LITERAL_CONVERSION = YES;
				CLANG_WARN_OBJC_ROOT_CLASS = YES_ERROR;
				CLANG_WARN_RANGE_LOOP_ANALYSIS = YES;
				CLANG_WARN_STRICT_PROTOTYPES = YES;
				CLANG_WARN_SUSPICIOUS_MOVE = YES;
				CLANG_WARN_UNGUARDED_AVAILABILITY = YES_AGGRESSIVE;
				CLANG_WARN_UNREACHABLE_CODE = YES;
				CLANG_WARN__DUPLICATE_METHOD_MATCH = YES;
				CODE_SIGN_IDENTITY = "iPhone Developer";
				COPY_PHASE_STRIP = NO;
				DEBUG_INFORMATION_FORMAT = "dwarf-with-dsym";
				ENABLE_NS_ASSERTIONS = NO;
				ENABLE_STRICT_OBJC_MSGSEND = YES;
				GCC_C_LANGUAGE_STANDARD = gnu11;
				GCC_NO_COMMON_BLOCKS = YES;
				GCC_WARN_64_TO_32_BIT_CONVERSION = YES;
				GCC_WARN_ABOUT_RETURN_TYPE = YES_ERROR;
				GCC_WARN_UNDECLARED_SELECTOR = YES;
				GCC_WARN_UNINITIALIZED_AUTOS = YES_AGGRESSIVE;
				GCC_WARN_UNUSED_FUNCTION = YES;
				GCC_WARN_UNUSED_VARIABLE = YES;
				IPHONEOS_DEPLOYMENT_TARGET = 12.1;
				MTL_ENABLE_DEBUG_INFO = NO;
				MTL_FAST_MATH = YES;
				SDKROOT = iphoneos;
				SWIFT_COMPILATION_MODE = wholemodule;
				SWIFT_OPTIMIZATION_LEVEL = "-O";
				VALIDATE_PRODUCT = YES;
			};
			name = Release;
		};
		AFEC318C24C1F26F00FEBA9B /* Debug */ = {
			isa = XCBuildConfiguration;
			buildSettings = {
				ASSETCATALOG_COMPILER_APPICON_NAME = AppIcon;
				CODE_SIGN_STYLE = Automatic;
				INFOPLIST_FILE = "PickerView Capitales/Info.plist";
				LD_RUNPATH_SEARCH_PATHS = (
					"$(inherited)",
					"@executable_path/Frameworks",
				);
				PRODUCT_BUNDLE_IDENTIFIER = "com.lauselfe.PickerView-Capitales";
				PRODUCT_NAME = "$(TARGET_NAME)";
				SWIFT_VERSION = 4.2;
				TARGETED_DEVICE_FAMILY = "1,2";
			};
			name = Debug;
		};
		AFEC318D24C1F26F00FEBA9B /* Release */ = {
			isa = XCBuildConfiguration;
			buildSettings = {
				ASSETCATALOG_COMPILER_APPICON_NAME = AppIcon;
				CODE_SIGN_STYLE = Automatic;
				INFOPLIST_FILE = "PickerView Capitales/Info.plist";
				LD_RUNPATH_SEARCH_PATHS = (
					"$(inherited)",
					"@executable_path/Frameworks",
				);
				PRODUCT_BUNDLE_IDENTIFIER = "com.lauselfe.PickerView-Capitales";
				PRODUCT_NAME = "$(TARGET_NAME)";
				SWIFT_VERSION = 4.2;
				TARGETED_DEVICE_FAMILY = "1,2";
			};
			name = Release;
		};
/* End XCBuildConfiguration section */

/* Begin XCConfigurationList section */
		AFEC317424C1F26E00FEBA9B /* Build configuration list for PBXProject "PickerView Capitales" */ = {
			isa = XCConfigurationList;
			buildConfigurations = (
				AFEC318924C1F26F00FEBA9B /* Debug */,
				AFEC318A24C1F26F00FEBA9B /* Release */,
			);
			defaultConfigurationIsVisible = 0;
			defaultConfigurationName = Release;
		};
		AFEC318B24C1F26F00FEBA9B /* Build configuration list for PBXNativeTarget "PickerView Capitales" */ = {
			isa = XCConfigurationList;
			buildConfigurations = (
				AFEC318C24C1F26F00FEBA9B /* Debug */,
				AFEC318D24C1F26F00FEBA9B /* Release */,
			);
			defaultConfigurationIsVisible = 0;
			defaultConfigurationName = Release;
		};
/* End XCConfigurationList section */
	};
	rootObject = AFEC317124C1F26E00FEBA9B /* Project object */;
}
